
Microsoft Visual Studio Solution File, Format Version 12.00
# Visual Studio Version 17
VisualStudioVersion = 17.6.33723.286
MinimumVisualStudioVersion = 10.0.40219.1
Project("{8BC9CEB8-8B4A-11D0-8D11-00A0C91BC942}") = "fig02_01", "fig02_01\fig02_01.vcxproj", "{1665DB01-9D57-4475-ADCF-68091F141216}"
EndProject
Project("{8BC9CEB8-8B4A-11D0-8D11-00A0C91BC942}") = "fig02_04", "fig02_04\fig02_04.vcxproj", "{FE0331BA-9210-4143-81CB-E68B6804F5F7}"
EndProject
Project("{8BC9CEB8-8B4A-11D0-8D11-00A0C91BC942}") = "fig03__control_statement_snippets", "fig03__control_statement_snippets\fig03__control_statement_snippets.vcxproj", "{805DC1D6-89F1-4CDB-96C3-8DE6FA0185DF}"
EndProject
Project("{8BC9CEB8-8B4A-11D0-8D11-00A0C91BC942}") = "fig03__narrowing", "fig03__narrowing\fig03__narrowing.vcxproj", "{CA8AF10B-37FE-42EA-94B8-3B82B0C89246}"
EndProject
Project("{8BC9CEB8-8B4A-11D0-8D11-00A0C91BC942}") = "fig03_05", "fig03_05\fig03_05.vcxproj", "{281C8AFC-9074-46A3-BA09-9D1F4BDD57EC}"
EndProject
Project("{8BC9CEB8-8B4A-11D0-8D11-00A0C91BC942}") = "fig04_02", "fig04_02\fig04_02.vcxproj", "{047B2FA6-B908-42FE-84A8-E8BFDE6E10B7}"
EndProject
Project("{8BC9CEB8-8B4A-11D0-8D11-00A0C91BC942}") = "fig04_04", "fig04_04\fig04_04.vcxproj", "{F9B2D1B2-CCFE-4DB9-ADA4-711C63061757}"
EndProject
Project("{8BC9CEB8-8B4A-11D0-8D11-00A0C91BC942}") = "fig04_05", "fig04_05\fig04_05.vcxproj", "{161A8FB7-B9F2-421C-9942-4D85C71943AA}"
EndProject
Project("{8BC9CEB8-8B4A-11D0-8D11-00A0C91BC942}") = "fig04_06", "fig04_06\fig04_06.vcxproj", "{919D999C-8B3D-43E6-B119-E94A8B03A8DC}"
EndProject
Project("{8BC9CEB8-8B4A-11D0-8D11-00A0C91BC942}") = "fig05_01", "fig05_01\fig05_01.vcxproj", "{4F65C25C-13AE-407C-A229-7A3A3DF69F21}"
EndProject
Project("{8BC9CEB8-8B4A-11D0-8D11-00A0C91BC942}") = "fig05_05", "fig05_05\fig05_05.vcxproj", "{4CA5FC30-4111-45D9-9CD6-44E08741C3F1}"
EndProject
Project("{8BC9CEB8-8B4A-11D0-8D11-00A0C91BC942}") = "fig05_08", "fig05_08\fig05_08.vcxproj", "{DE9141CC-148F-49AD-91C8-5E0F9F0D96AA}"
EndProject
Project("{8BC9CEB8-8B4A-11D0-8D11-00A0C91BC942}") = "fig05_10", "fig05_10\fig05_10.vcxproj", "{869265FD-5609-4DA3-9083-17696FC85611}"
EndProject
Project("{8BC9CEB8-8B4A-11D0-8D11-00A0C91BC942}") = "fig05_13", "fig05_13\fig05_13.vcxproj", "{83EE9306-C311-4B6D-A05C-21D8168658CF}"
EndProject
Project("{2150E333-8FDC-42A3-9474-1A3956D46DE8}") = "Part02_fundamentals", "Part02_fundamentals", "{E9546917-8931-4E94-B6B9-8432F4812F1A}"
EndProject
Project("{2150E333-8FDC-42A3-9474-1A3956D46DE8}") = "Part03_ControlStatements", "Part03_ControlStatements", "{B10804E0-2840-4448-8474-24C1FA0A6228}"
EndProject
Project("{2150E333-8FDC-42A3-9474-1A3956D46DE8}") = "Part04_Functions", "Part04_Functions", "{A0C05790-FACB-4EBF-95FE-34217EB79038}"
EndProject
Project("{2150E333-8FDC-42A3-9474-1A3956D46DE8}") = "Part05_arrays_vectors", "Part05_arrays_vectors", "{6EA1B04C-84A1-4086-B967-692545BC1108}"
EndProject
Project("{2150E333-8FDC-42A3-9474-1A3956D46DE8}") = "Part06_DownplayingPointers", "Part06_DownplayingPointers", "{EBFD4DD0-327C-41E0-88A3-7984F0EFFFDB}"
EndProject
Project("{2150E333-8FDC-42A3-9474-1A3956D46DE8}") = "Part12_CPP20_FunctionalProgramming", "Part12_CPP20_FunctionalProgramming", "{B10F4AC4-B2F9-4AF3-9C60-7DC436483D3D}"
EndProject
Project("{8BC9CEB8-8B4A-11D0-8D11-00A0C91BC942}") = "fig06_01", "fig06_01\fig06_01.vcxproj", "{83F16065-81F9-41A6-829B-8A6FB491E59B}"
EndProject
Project("{8BC9CEB8-8B4A-11D0-8D11-00A0C91BC942}") = "fig06_02", "fig06_02\fig06_02.vcxproj", "{D14E9275-3796-4CD1-9F67-E2711BD8AFAA}"
EndProject
Project("{8BC9CEB8-8B4A-11D0-8D11-00A0C91BC942}") = "fig06_03", "fig06_03\fig06_03.vcxproj", "{7B9F759F-16F6-493C-9AF0-5AC0B8C9FDE6}"
EndProject
Project("{8BC9CEB8-8B4A-11D0-8D11-00A0C91BC942}") = "fig06_13", "fig06_13\fig06_13.vcxproj", "{1716A880-B668-4546-B4AE-39A2FB979617}"
EndProject
Project("{8BC9CEB8-8B4A-11D0-8D11-00A0C91BC942}") = "fig06_12", "fig06_12\fig06_12.vcxproj", "{7EC05D73-50BD-4E44-9B7D-D0184E26FA74}"
EndProject
Project("{8BC9CEB8-8B4A-11D0-8D11-00A0C91BC942}") = "fig06_11", "fig06_11\fig06_11.vcxproj", "{B8682394-6133-4597-9BF7-A5149FF8931E}"
EndProject
Project("{2150E333-8FDC-42A3-9474-1A3956D46DE8}") = "Part07_StringsFilesRegex", "Part07_StringsFilesRegex", "{3E0A8BFB-F4DA-4647-B017-9CBD2F7C09D5}"
EndProject
Project("{2150E333-8FDC-42A3-9474-1A3956D46DE8}") = "Part08_CustomClasses", "Part08_CustomClasses", "{04FDC230-C54C-4E48-A6F4-5DB7A30BBD36}"
EndProject
Project("{2150E333-8FDC-42A3-9474-1A3956D46DE8}") = "Part09_InheritancePolyMorphism", "Part09_InheritancePolyMorphism", "{BC1055C8-619E-45D5-98D0-33EBEE32AF87}"
EndProject
Project("{2150E333-8FDC-42A3-9474-1A3956D46DE8}") = "Part11_Exceptions", "Part11_Exceptions", "{12C95EB1-2BC3-4D3C-8796-3A41AD090227}"
EndProject
Project("{2150E333-8FDC-42A3-9474-1A3956D46DE8}") = "Part10_OperatorOverloading_CraftingValuableClasses", "Part10_OperatorOverloading_CraftingValuableClasses", "{03308C5E-A0DF-494C-BDFD-843961A23829}"
EndProject
Project("{8BC9CEB8-8B4A-11D0-8D11-00A0C91BC942}") = "fig11_02", "fig11_02\fig11_02.vcxproj", "{836E375E-AE03-4853-A53B-4356AA503CE5}"
EndProject
Project("{8BC9CEB8-8B4A-11D0-8D11-00A0C91BC942}") = "fig11_03_05", "fig11_03_05\fig11_03_05.vcxproj", "{E249F233-5E21-48CF-B392-CF356F65E776}"
EndProject
Project("{8BC9CEB8-8B4A-11D0-8D11-00A0C91BC942}") = "fig11_06", "fig11_06\fig11_06.vcxproj", "{491FB62A-7B3C-40E8-8937-34D94873C3B9}"
EndProject
Project("{8BC9CEB8-8B4A-11D0-8D11-00A0C91BC942}") = "fig12_04_if_time", "fig12_04\fig12_04.vcxproj", "{A5373B46-5B5B-4D1B-AC26-F6EB6561F79F}"
EndProject
Project("{8BC9CEB8-8B4A-11D0-8D11-00A0C91BC942}") = "fig12_05", "fig12_05\fig12_05.vcxproj", "{AA9A628A-3402-4F39-8BB1-D5E4C48D90AA}"
EndProject
Project("{8BC9CEB8-8B4A-11D0-8D11-00A0C91BC942}") = "fig20_07_13_if_time", "fig20_07_13\fig20_07_13.vcxproj", "{4C757327-0912-4BB6-812E-4FAC8231F814}"
EndProject
Project("{8BC9CEB8-8B4A-11D0-8D11-00A0C91BC942}") = "fig08_18", "fig08_18\fig08_18.vcxproj", "{D7DBB376-3674-4EFC-B0E5-DC8175F59DCE}"
EndProject
Project("{8BC9CEB8-8B4A-11D0-8D11-00A0C91BC942}") = "fig08_17", "fig08_17\fig08_17.vcxproj", "{C155CF28-F49B-4C29-B9AA-CD352C4E3B02}"
EndProject
Project("{8BC9CEB8-8B4A-11D0-8D11-00A0C91BC942}") = "fig08_16", "fig08_16\fig08_16.vcxproj", "{A94E6590-D061-41F2-832F-71C236996F03}"
EndProject
Project("{8BC9CEB8-8B4A-11D0-8D11-00A0C91BC942}") = "fig08_15_if_time", "fig08_15\fig08_15.vcxproj", "{A47A3D87-5751-4672-A07E-8DB5A771AAE4}"
EndProject
Project("{8BC9CEB8-8B4A-11D0-8D11-00A0C91BC942}") = "fig08_09", "fig08_09\fig08_09.vcxproj", "{70C089EE-3924-4F42-BAF2-8B505018E755}"
EndProject
Project("{8BC9CEB8-8B4A-11D0-8D11-00A0C91BC942}") = "fig06_14", "fig06_14\fig06_14.vcxproj", "{38786CC1-9A91-4321-9B33-5898B38D9C4F}"
EndProject
Project("{8BC9CEB8-8B4A-11D0-8D11-00A0C91BC942}") = "fig07_12", "fig07_12\fig07_12.vcxproj", "{1D55EC98-4258-4EFF-BFB6-9BCB3AB83E5B}"
EndProject
Project("{8BC9CEB8-8B4A-11D0-8D11-00A0C91BC942}") = "fig07_06", "fig07_06\fig07_06.vcxproj", "{7DF0163A-04AE-4B06-BCC9-E78BB02A958E}"
EndProject
Project("{8BC9CEB8-8B4A-11D0-8D11-00A0C91BC942}") = "fig07_03", "fig07_03\fig07_03.vcxproj", "{68F07A83-1019-4327-B07E-1B81936C4A78}"
EndProject
Project("{8BC9CEB8-8B4A-11D0-8D11-00A0C91BC942}") = "fig10_19_26_if_time", "fig10_19_26\fig10_19_26.vcxproj", "{C81A5677-EFD8-40D5-B1DB-D11A95B574CB}"
EndProject
Project("{8BC9CEB8-8B4A-11D0-8D11-00A0C91BC942}") = "fig10_10", "fig10_10\fig10_10.vcxproj", "{4E302D38-DADA-4151-BFB6-D92592462A8E}"
EndProject
Project("{8BC9CEB8-8B4A-11D0-8D11-00A0C91BC942}") = "fig09_10-12", "fig09_10-12\fig09_10-12.vcxproj", "{EC6BC3CC-57CB-47BB-BD6D-328322074897}"
EndProject
Project("{2150E333-8FDC-42A3-9474-1A3956D46DE8}") = "Part13_ConceptsModulesCoroutines", "Part13_ConceptsModulesCoroutines", "{3520FA06-B7CC-48F3-9FC7-880841A2FC99}"
EndProject
Project("{8BC9CEB8-8B4A-11D0-8D11-00A0C91BC942}") = "fig15_04", "fig15_04\fig15_04.vcxproj", "{D5C6900E-DE4D-4040-B849-EB82FD7657C0}"
EndProject
Project("{8BC9CEB8-8B4A-11D0-8D11-00A0C91BC942}") = "fig15_05", "fig15_05\fig15_05.vcxproj", "{66F099A4-7A4B-4697-B3C8-A494CAC80CF2}"
EndProject
Project("{8BC9CEB8-8B4A-11D0-8D11-00A0C91BC942}") = "fig16_01", "fig16_01\fig16_01.vcxproj", "{54BAE341-08CE-4EF4-B9E3-815EF15A5FD2}"
EndProject
Project("{8BC9CEB8-8B4A-11D0-8D11-00A0C91BC942}") = "fig18_01", "fig18_01\fig18_01.vcxproj", "{5080CD1E-4C24-4901-BAEF-8BC1F3F9413A}"
EndProject
Global
	GlobalSection(SolutionConfigurationPlatforms) = preSolution
		Debug|ARM64 = Debug|ARM64
		Debug|x64 = Debug|x64
		Debug|x86 = Debug|x86
		Release|ARM64 = Release|ARM64
		Release|x64 = Release|x64
		Release|x86 = Release|x86
	EndGlobalSection
	GlobalSection(ProjectConfigurationPlatforms) = postSolution
		{1665DB01-9D57-4475-ADCF-68091F141216}.Debug|ARM64.ActiveCfg = Debug|ARM64
		{1665DB01-9D57-4475-ADCF-68091F141216}.Debug|ARM64.Build.0 = Debug|ARM64
		{1665DB01-9D57-4475-ADCF-68091F141216}.Debug|x64.ActiveCfg = Debug|x64
		{1665DB01-9D57-4475-ADCF-68091F141216}.Debug|x64.Build.0 = Debug|x64
		{1665DB01-9D57-4475-ADCF-68091F141216}.Debug|x86.ActiveCfg = Debug|Win32
		{1665DB01-9D57-4475-ADCF-68091F141216}.Debug|x86.Build.0 = Debug|Win32
		{1665DB01-9D57-4475-ADCF-68091F141216}.Release|ARM64.ActiveCfg = Release|ARM64
		{1665DB01-9D57-4475-ADCF-68091F141216}.Release|ARM64.Build.0 = Release|ARM64
		{1665DB01-9D57-4475-ADCF-68091F141216}.Release|x64.ActiveCfg = Release|x64
		{1665DB01-9D57-4475-ADCF-68091F141216}.Release|x64.Build.0 = Release|x64
		{1665DB01-9D57-4475-ADCF-68091F141216}.Release|x86.ActiveCfg = Release|Win32
		{1665DB01-9D57-4475-ADCF-68091F141216}.Release|x86.Build.0 = Release|Win32
		{FE0331BA-9210-4143-81CB-E68B6804F5F7}.Debug|ARM64.ActiveCfg = Debug|ARM64
		{FE0331BA-9210-4143-81CB-E68B6804F5F7}.Debug|ARM64.Build.0 = Debug|ARM64
		{FE0331BA-9210-4143-81CB-E68B6804F5F7}.Debug|x64.ActiveCfg = Debug|x64
		{FE0331BA-9210-4143-81CB-E68B6804F5F7}.Debug|x64.Build.0 = Debug|x64
		{FE0331BA-9210-4143-81CB-E68B6804F5F7}.Debug|x86.ActiveCfg = Debug|Win32
		{FE0331BA-9210-4143-81CB-E68B6804F5F7}.Debug|x86.Build.0 = Debug|Win32
		{FE0331BA-9210-4143-81CB-E68B6804F5F7}.Release|ARM64.ActiveCfg = Release|ARM64
		{FE0331BA-9210-4143-81CB-E68B6804F5F7}.Release|ARM64.Build.0 = Release|ARM64
		{FE0331BA-9210-4143-81CB-E68B6804F5F7}.Release|x64.ActiveCfg = Release|x64
		{FE0331BA-9210-4143-81CB-E68B6804F5F7}.Release|x64.Build.0 = Release|x64
		{FE0331BA-9210-4143-81CB-E68B6804F5F7}.Release|x86.ActiveCfg = Release|Win32
		{FE0331BA-9210-4143-81CB-E68B6804F5F7}.Release|x86.Build.0 = Release|Win32
		{805DC1D6-89F1-4CDB-96C3-8DE6FA0185DF}.Debug|ARM64.ActiveCfg = Debug|ARM64
		{805DC1D6-89F1-4CDB-96C3-8DE6FA0185DF}.Debug|ARM64.Build.0 = Debug|ARM64
		{805DC1D6-89F1-4CDB-96C3-8DE6FA0185DF}.Debug|x64.ActiveCfg = Debug|x64
		{805DC1D6-89F1-4CDB-96C3-8DE6FA0185DF}.Debug|x64.Build.0 = Debug|x64
		{805DC1D6-89F1-4CDB-96C3-8DE6FA0185DF}.Debug|x86.ActiveCfg = Debug|Win32
		{805DC1D6-89F1-4CDB-96C3-8DE6FA0185DF}.Debug|x86.Build.0 = Debug|Win32
		{805DC1D6-89F1-4CDB-96C3-8DE6FA0185DF}.Release|ARM64.ActiveCfg = Release|ARM64
		{805DC1D6-89F1-4CDB-96C3-8DE6FA0185DF}.Release|ARM64.Build.0 = Release|ARM64
		{805DC1D6-89F1-4CDB-96C3-8DE6FA0185DF}.Release|x64.ActiveCfg = Release|x64
		{805DC1D6-89F1-4CDB-96C3-8DE6FA0185DF}.Release|x64.Build.0 = Release|x64
		{805DC1D6-89F1-4CDB-96C3-8DE6FA0185DF}.Release|x86.ActiveCfg = Release|Win32
		{805DC1D6-89F1-4CDB-96C3-8DE6FA0185DF}.Release|x86.Build.0 = Release|Win32
		{CA8AF10B-37FE-42EA-94B8-3B82B0C89246}.Debug|ARM64.ActiveCfg = Debug|ARM64
		{CA8AF10B-37FE-42EA-94B8-3B82B0C89246}.Debug|ARM64.Build.0 = Debug|ARM64
		{CA8AF10B-37FE-42EA-94B8-3B82B0C89246}.Debug|x64.ActiveCfg = Debug|x64
		{CA8AF10B-37FE-42EA-94B8-3B82B0C89246}.Debug|x64.Build.0 = Debug|x64
		{CA8AF10B-37FE-42EA-94B8-3B82B0C89246}.Debug|x86.ActiveCfg = Debug|Win32
		{CA8AF10B-37FE-42EA-94B8-3B82B0C89246}.Debug|x86.Build.0 = Debug|Win32
		{CA8AF10B-37FE-42EA-94B8-3B82B0C89246}.Release|ARM64.ActiveCfg = Release|ARM64
		{CA8AF10B-37FE-42EA-94B8-3B82B0C89246}.Release|ARM64.Build.0 = Release|ARM64
		{CA8AF10B-37FE-42EA-94B8-3B82B0C89246}.Release|x64.ActiveCfg = Release|x64
		{CA8AF10B-37FE-42EA-94B8-3B82B0C89246}.Release|x64.Build.0 = Release|x64
		{CA8AF10B-37FE-42EA-94B8-3B82B0C89246}.Release|x86.ActiveCfg = Release|Win32
		{CA8AF10B-37FE-42EA-94B8-3B82B0C89246}.Release|x86.Build.0 = Release|Win32
		{281C8AFC-9074-46A3-BA09-9D1F4BDD57EC}.Debug|ARM64.ActiveCfg = Debug|ARM64
		{281C8AFC-9074-46A3-BA09-9D1F4BDD57EC}.Debug|ARM64.Build.0 = Debug|ARM64
		{281C8AFC-9074-46A3-BA09-9D1F4BDD57EC}.Debug|x64.ActiveCfg = Debug|x64
		{281C8AFC-9074-46A3-BA09-9D1F4BDD57EC}.Debug|x64.Build.0 = Debug|x64
		{281C8AFC-9074-46A3-BA09-9D1F4BDD57EC}.Debug|x86.ActiveCfg = Debug|Win32
		{281C8AFC-9074-46A3-BA09-9D1F4BDD57EC}.Debug|x86.Build.0 = Debug|Win32
		{281C8AFC-9074-46A3-BA09-9D1F4BDD57EC}.Release|ARM64.ActiveCfg = Release|ARM64
		{281C8AFC-9074-46A3-BA09-9D1F4BDD57EC}.Release|ARM64.Build.0 = Release|ARM64
		{281C8AFC-9074-46A3-BA09-9D1F4BDD57EC}.Release|x64.ActiveCfg = Release|x64
		{281C8AFC-9074-46A3-BA09-9D1F4BDD57EC}.Release|x64.Build.0 = Release|x64
		{281C8AFC-9074-46A3-BA09-9D1F4BDD57EC}.Release|x86.ActiveCfg = Release|Win32
		{281C8AFC-9074-46A3-BA09-9D1F4BDD57EC}.Release|x86.Build.0 = Release|Win32
		{047B2FA6-B908-42FE-84A8-E8BFDE6E10B7}.Debug|ARM64.ActiveCfg = Debug|ARM64
		{047B2FA6-B908-42FE-84A8-E8BFDE6E10B7}.Debug|ARM64.Build.0 = Debug|ARM64
		{047B2FA6-B908-42FE-84A8-E8BFDE6E10B7}.Debug|x64.ActiveCfg = Debug|x64
		{047B2FA6-B908-42FE-84A8-E8BFDE6E10B7}.Debug|x64.Build.0 = Debug|x64
		{047B2FA6-B908-42FE-84A8-E8BFDE6E10B7}.Debug|x86.ActiveCfg = Debug|Win32
		{047B2FA6-B908-42FE-84A8-E8BFDE6E10B7}.Debug|x86.Build.0 = Debug|Win32
		{047B2FA6-B908-42FE-84A8-E8BFDE6E10B7}.Release|ARM64.ActiveCfg = Release|ARM64
		{047B2FA6-B908-42FE-84A8-E8BFDE6E10B7}.Release|ARM64.Build.0 = Release|ARM64
		{047B2FA6-B908-42FE-84A8-E8BFDE6E10B7}.Release|x64.ActiveCfg = Release|x64
		{047B2FA6-B908-42FE-84A8-E8BFDE6E10B7}.Release|x64.Build.0 = Release|x64
		{047B2FA6-B908-42FE-84A8-E8BFDE6E10B7}.Release|x86.ActiveCfg = Release|Win32
		{047B2FA6-B908-42FE-84A8-E8BFDE6E10B7}.Release|x86.Build.0 = Release|Win32
		{F9B2D1B2-CCFE-4DB9-ADA4-711C63061757}.Debug|ARM64.ActiveCfg = Debug|ARM64
		{F9B2D1B2-CCFE-4DB9-ADA4-711C63061757}.Debug|ARM64.Build.0 = Debug|ARM64
		{F9B2D1B2-CCFE-4DB9-ADA4-711C63061757}.Debug|x64.ActiveCfg = Debug|x64
		{F9B2D1B2-CCFE-4DB9-ADA4-711C63061757}.Debug|x64.Build.0 = Debug|x64
		{F9B2D1B2-CCFE-4DB9-ADA4-711C63061757}.Debug|x86.ActiveCfg = Debug|Win32
		{F9B2D1B2-CCFE-4DB9-ADA4-711C63061757}.Debug|x86.Build.0 = Debug|Win32
		{F9B2D1B2-CCFE-4DB9-ADA4-711C63061757}.Release|ARM64.ActiveCfg = Release|ARM64
		{F9B2D1B2-CCFE-4DB9-ADA4-711C63061757}.Release|ARM64.Build.0 = Release|ARM64
		{F9B2D1B2-CCFE-4DB9-ADA4-711C63061757}.Release|x64.ActiveCfg = Release|x64
		{F9B2D1B2-CCFE-4DB9-ADA4-711C63061757}.Release|x64.Build.0 = Release|x64
		{F9B2D1B2-CCFE-4DB9-ADA4-711C63061757}.Release|x86.ActiveCfg = Release|Win32
		{F9B2D1B2-CCFE-4DB9-ADA4-711C63061757}.Release|x86.Build.0 = Release|Win32
		{161A8FB7-B9F2-421C-9942-4D85C71943AA}.Debug|ARM64.ActiveCfg = Debug|ARM64
		{161A8FB7-B9F2-421C-9942-4D85C71943AA}.Debug|ARM64.Build.0 = Debug|ARM64
		{161A8FB7-B9F2-421C-9942-4D85C71943AA}.Debug|x64.ActiveCfg = Debug|x64
		{161A8FB7-B9F2-421C-9942-4D85C71943AA}.Debug|x64.Build.0 = Debug|x64
		{161A8FB7-B9F2-421C-9942-4D85C71943AA}.Debug|x86.ActiveCfg = Debug|Win32
		{161A8FB7-B9F2-421C-9942-4D85C71943AA}.Debug|x86.Build.0 = Debug|Win32
		{161A8FB7-B9F2-421C-9942-4D85C71943AA}.Release|ARM64.ActiveCfg = Release|ARM64
		{161A8FB7-B9F2-421C-9942-4D85C71943AA}.Release|ARM64.Build.0 = Release|ARM64
		{161A8FB7-B9F2-421C-9942-4D85C71943AA}.Release|x64.ActiveCfg = Release|x64
		{161A8FB7-B9F2-421C-9942-4D85C71943AA}.Release|x64.Build.0 = Release|x64
		{161A8FB7-B9F2-421C-9942-4D85C71943AA}.Release|x86.ActiveCfg = Release|Win32
		{161A8FB7-B9F2-421C-9942-4D85C71943AA}.Release|x86.Build.0 = Release|Win32
		{919D999C-8B3D-43E6-B119-E94A8B03A8DC}.Debug|ARM64.ActiveCfg = Debug|ARM64
		{919D999C-8B3D-43E6-B119-E94A8B03A8DC}.Debug|ARM64.Build.0 = Debug|ARM64
		{919D999C-8B3D-43E6-B119-E94A8B03A8DC}.Debug|x64.ActiveCfg = Debug|x64
		{919D999C-8B3D-43E6-B119-E94A8B03A8DC}.Debug|x64.Build.0 = Debug|x64
		{919D999C-8B3D-43E6-B119-E94A8B03A8DC}.Debug|x86.ActiveCfg = Debug|Win32
		{919D999C-8B3D-43E6-B119-E94A8B03A8DC}.Debug|x86.Build.0 = Debug|Win32
		{919D999C-8B3D-43E6-B119-E94A8B03A8DC}.Release|ARM64.ActiveCfg = Release|ARM64
		{919D999C-8B3D-43E6-B119-E94A8B03A8DC}.Release|ARM64.Build.0 = Release|ARM64
		{919D999C-8B3D-43E6-B119-E94A8B03A8DC}.Release|x64.ActiveCfg = Release|x64
		{919D999C-8B3D-43E6-B119-E94A8B03A8DC}.Release|x64.Build.0 = Release|x64
		{919D999C-8B3D-43E6-B119-E94A8B03A8DC}.Release|x86.ActiveCfg = Release|Win32
		{919D999C-8B3D-43E6-B119-E94A8B03A8DC}.Release|x86.Build.0 = Release|Win32
		{4F65C25C-13AE-407C-A229-7A3A3DF69F21}.Debug|ARM64.ActiveCfg = Debug|ARM64
		{4F65C25C-13AE-407C-A229-7A3A3DF69F21}.Debug|ARM64.Build.0 = Debug|ARM64
		{4F65C25C-13AE-407C-A229-7A3A3DF69F21}.Debug|x64.ActiveCfg = Debug|x64
		{4F65C25C-13AE-407C-A229-7A3A3DF69F21}.Debug|x64.Build.0 = Debug|x64
		{4F65C25C-13AE-407C-A229-7A3A3DF69F21}.Debug|x86.ActiveCfg = Debug|Win32
		{4F65C25C-13AE-407C-A229-7A3A3DF69F21}.Debug|x86.Build.0 = Debug|Win32
		{4F65C25C-13AE-407C-A229-7A3A3DF69F21}.Release|ARM64.ActiveCfg = Release|ARM64
		{4F65C25C-13AE-407C-A229-7A3A3DF69F21}.Release|ARM64.Build.0 = Release|ARM64
		{4F65C25C-13AE-407C-A229-7A3A3DF69F21}.Release|x64.ActiveCfg = Release|x64
		{4F65C25C-13AE-407C-A229-7A3A3DF69F21}.Release|x64.Build.0 = Release|x64
		{4F65C25C-13AE-407C-A229-7A3A3DF69F21}.Release|x86.ActiveCfg = Release|Win32
		{4F65C25C-13AE-407C-A229-7A3A3DF69F21}.Release|x86.Build.0 = Release|Win32
		{4CA5FC30-4111-45D9-9CD6-44E08741C3F1}.Debug|ARM64.ActiveCfg = Debug|ARM64
		{4CA5FC30-4111-45D9-9CD6-44E08741C3F1}.Debug|ARM64.Build.0 = Debug|ARM64
		{4CA5FC30-4111-45D9-9CD6-44E08741C3F1}.Debug|x64.ActiveCfg = Debug|x64
		{4CA5FC30-4111-45D9-9CD6-44E08741C3F1}.Debug|x64.Build.0 = Debug|x64
		{4CA5FC30-4111-45D9-9CD6-44E08741C3F1}.Debug|x86.ActiveCfg = Debug|Win32
		{4CA5FC30-4111-45D9-9CD6-44E08741C3F1}.Debug|x86.Build.0 = Debug|Win32
		{4CA5FC30-4111-45D9-9CD6-44E08741C3F1}.Release|ARM64.ActiveCfg = Release|ARM64
		{4CA5FC30-4111-45D9-9CD6-44E08741C3F1}.Release|ARM64.Build.0 = Release|ARM64
		{4CA5FC30-4111-45D9-9CD6-44E08741C3F1}.Release|x64.ActiveCfg = Release|x64
		{4CA5FC30-4111-45D9-9CD6-44E08741C3F1}.Release|x64.Build.0 = Release|x64
		{4CA5FC30-4111-45D9-9CD6-44E08741C3F1}.Release|x86.ActiveCfg = Release|Win32
		{4CA5FC30-4111-45D9-9CD6-44E08741C3F1}.Release|x86.Build.0 = Release|Win32
		{DE9141CC-148F-49AD-91C8-5E0F9F0D96AA}.Debug|ARM64.ActiveCfg = Debug|ARM64
		{DE9141CC-148F-49AD-91C8-5E0F9F0D96AA}.Debug|ARM64.Build.0 = Debug|ARM64
		{DE9141CC-148F-49AD-91C8-5E0F9F0D96AA}.Debug|x64.ActiveCfg = Debug|x64
		{DE9141CC-148F-49AD-91C8-5E0F9F0D96AA}.Debug|x64.Build.0 = Debug|x64
		{DE9141CC-148F-49AD-91C8-5E0F9F0D96AA}.Debug|x86.ActiveCfg = Debug|Win32
		{DE9141CC-148F-49AD-91C8-5E0F9F0D96AA}.Debug|x86.Build.0 = Debug|Win32
		{DE9141CC-148F-49AD-91C8-5E0F9F0D96AA}.Release|ARM64.ActiveCfg = Release|ARM64
		{DE9141CC-148F-49AD-91C8-5E0F9F0D96AA}.Release|ARM64.Build.0 = Release|ARM64
		{DE9141CC-148F-49AD-91C8-5E0F9F0D96AA}.Release|x64.ActiveCfg = Release|x64
		{DE9141CC-148F-49AD-91C8-5E0F9F0D96AA}.Release|x64.Build.0 = Release|x64
		{DE9141CC-148F-49AD-91C8-5E0F9F0D96AA}.Release|x86.ActiveCfg = Release|Win32
		{DE9141CC-148F-49AD-91C8-5E0F9F0D96AA}.Release|x86.Build.0 = Release|Win32
		{869265FD-5609-4DA3-9083-17696FC85611}.Debug|ARM64.ActiveCfg = Debug|ARM64
		{869265FD-5609-4DA3-9083-17696FC85611}.Debug|ARM64.Build.0 = Debug|ARM64
		{869265FD-5609-4DA3-9083-17696FC85611}.Debug|x64.ActiveCfg = Debug|x64
		{869265FD-5609-4DA3-9083-17696FC85611}.Debug|x64.Build.0 = Debug|x64
		{869265FD-5609-4DA3-9083-17696FC85611}.Debug|x86.ActiveCfg = Debug|Win32
		{869265FD-5609-4DA3-9083-17696FC85611}.Debug|x86.Build.0 = Debug|Win32
		{869265FD-5609-4DA3-9083-17696FC85611}.Release|ARM64.ActiveCfg = Release|ARM64
		{869265FD-5609-4DA3-9083-17696FC85611}.Release|ARM64.Build.0 = Release|ARM64
		{869265FD-5609-4DA3-9083-17696FC85611}.Release|x64.ActiveCfg = Release|x64
		{869265FD-5609-4DA3-9083-17696FC85611}.Release|x64.Build.0 = Release|x64
		{869265FD-5609-4DA3-9083-17696FC85611}.Release|x86.ActiveCfg = Release|Win32
		{869265FD-5609-4DA3-9083-17696FC85611}.Release|x86.Build.0 = Release|Win32
		{83EE9306-C311-4B6D-A05C-21D8168658CF}.Debug|ARM64.ActiveCfg = Debug|ARM64
		{83EE9306-C311-4B6D-A05C-21D8168658CF}.Debug|ARM64.Build.0 = Debug|ARM64
		{83EE9306-C311-4B6D-A05C-21D8168658CF}.Debug|x64.ActiveCfg = Debug|x64
		{83EE9306-C311-4B6D-A05C-21D8168658CF}.Debug|x64.Build.0 = Debug|x64
		{83EE9306-C311-4B6D-A05C-21D8168658CF}.Debug|x86.ActiveCfg = Debug|Win32
		{83EE9306-C311-4B6D-A05C-21D8168658CF}.Debug|x86.Build.0 = Debug|Win32
		{83EE9306-C311-4B6D-A05C-21D8168658CF}.Release|ARM64.ActiveCfg = Release|ARM64
		{83EE9306-C311-4B6D-A05C-21D8168658CF}.Release|ARM64.Build.0 = Release|ARM64
		{83EE9306-C311-4B6D-A05C-21D8168658CF}.Release|x64.ActiveCfg = Release|x64
		{83EE9306-C311-4B6D-A05C-21D8168658CF}.Release|x64.Build.0 = Release|x64
		{83EE9306-C311-4B6D-A05C-21D8168658CF}.Release|x86.ActiveCfg = Release|Win32
		{83EE9306-C311-4B6D-A05C-21D8168658CF}.Release|x86.Build.0 = Release|Win32
		{83F16065-81F9-41A6-829B-8A6FB491E59B}.Debug|ARM64.ActiveCfg = Debug|ARM64
		{83F16065-81F9-41A6-829B-8A6FB491E59B}.Debug|ARM64.Build.0 = Debug|ARM64
		{83F16065-81F9-41A6-829B-8A6FB491E59B}.Debug|x64.ActiveCfg = Debug|x64
		{83F16065-81F9-41A6-829B-8A6FB491E59B}.Debug|x64.Build.0 = Debug|x64
		{83F16065-81F9-41A6-829B-8A6FB491E59B}.Debug|x86.ActiveCfg = Debug|Win32
		{83F16065-81F9-41A6-829B-8A6FB491E59B}.Debug|x86.Build.0 = Debug|Win32
		{83F16065-81F9-41A6-829B-8A6FB491E59B}.Release|ARM64.ActiveCfg = Release|ARM64
		{83F16065-81F9-41A6-829B-8A6FB491E59B}.Release|ARM64.Build.0 = Release|ARM64
		{83F16065-81F9-41A6-829B-8A6FB491E59B}.Release|x64.ActiveCfg = Release|x64
		{83F16065-81F9-41A6-829B-8A6FB491E59B}.Release|x64.Build.0 = Release|x64
		{83F16065-81F9-41A6-829B-8A6FB491E59B}.Release|x86.ActiveCfg = Release|Win32
		{83F16065-81F9-41A6-829B-8A6FB491E59B}.Release|x86.Build.0 = Release|Win32
		{D14E9275-3796-4CD1-9F67-E2711BD8AFAA}.Debug|ARM64.ActiveCfg = Debug|ARM64
		{D14E9275-3796-4CD1-9F67-E2711BD8AFAA}.Debug|ARM64.Build.0 = Debug|ARM64
		{D14E9275-3796-4CD1-9F67-E2711BD8AFAA}.Debug|x64.ActiveCfg = Debug|x64
		{D14E9275-3796-4CD1-9F67-E2711BD8AFAA}.Debug|x64.Build.0 = Debug|x64
		{D14E9275-3796-4CD1-9F67-E2711BD8AFAA}.Debug|x86.ActiveCfg = Debug|Win32
		{D14E9275-3796-4CD1-9F67-E2711BD8AFAA}.Debug|x86.Build.0 = Debug|Win32
		{D14E9275-3796-4CD1-9F67-E2711BD8AFAA}.Release|ARM64.ActiveCfg = Release|ARM64
		{D14E9275-3796-4CD1-9F67-E2711BD8AFAA}.Release|ARM64.Build.0 = Release|ARM64
		{D14E9275-3796-4CD1-9F67-E2711BD8AFAA}.Release|x64.ActiveCfg = Release|x64
		{D14E9275-3796-4CD1-9F67-E2711BD8AFAA}.Release|x64.Build.0 = Release|x64
		{D14E9275-3796-4CD1-9F67-E2711BD8AFAA}.Release|x86.ActiveCfg = Release|Win32
		{D14E9275-3796-4CD1-9F67-E2711BD8AFAA}.Release|x86.Build.0 = Release|Win32
		{7B9F759F-16F6-493C-9AF0-5AC0B8C9FDE6}.Debug|ARM64.ActiveCfg = Debug|ARM64
		{7B9F759F-16F6-493C-9AF0-5AC0B8C9FDE6}.Debug|ARM64.Build.0 = Debug|ARM64
		{7B9F759F-16F6-493C-9AF0-5AC0B8C9FDE6}.Debug|x64.ActiveCfg = Debug|x64
		{7B9F759F-16F6-493C-9AF0-5AC0B8C9FDE6}.Debug|x64.Build.0 = Debug|x64
		{7B9F759F-16F6-493C-9AF0-5AC0B8C9FDE6}.Debug|x86.ActiveCfg = Debug|Win32
		{7B9F759F-16F6-493C-9AF0-5AC0B8C9FDE6}.Debug|x86.Build.0 = Debug|Win32
		{7B9F759F-16F6-493C-9AF0-5AC0B8C9FDE6}.Release|ARM64.ActiveCfg = Release|ARM64
		{7B9F759F-16F6-493C-9AF0-5AC0B8C9FDE6}.Release|ARM64.Build.0 = Release|ARM64
		{7B9F759F-16F6-493C-9AF0-5AC0B8C9FDE6}.Release|x64.ActiveCfg = Release|x64
		{7B9F759F-16F6-493C-9AF0-5AC0B8C9FDE6}.Release|x64.Build.0 = Release|x64
		{7B9F759F-16F6-493C-9AF0-5AC0B8C9FDE6}.Release|x86.ActiveCfg = Release|Win32
		{7B9F759F-16F6-493C-9AF0-5AC0B8C9FDE6}.Release|x86.Build.0 = Release|Win32
		{1716A880-B668-4546-B4AE-39A2FB979617}.Debug|ARM64.ActiveCfg = Debug|ARM64
		{1716A880-B668-4546-B4AE-39A2FB979617}.Debug|ARM64.Build.0 = Debug|ARM64
		{1716A880-B668-4546-B4AE-39A2FB979617}.Debug|x64.ActiveCfg = Debug|x64
		{1716A880-B668-4546-B4AE-39A2FB979617}.Debug|x64.Build.0 = Debug|x64
		{1716A880-B668-4546-B4AE-39A2FB979617}.Debug|x86.ActiveCfg = Debug|Win32
		{1716A880-B668-4546-B4AE-39A2FB979617}.Debug|x86.Build.0 = Debug|Win32
		{1716A880-B668-4546-B4AE-39A2FB979617}.Release|ARM64.ActiveCfg = Release|ARM64
		{1716A880-B668-4546-B4AE-39A2FB979617}.Release|ARM64.Build.0 = Release|ARM64
		{1716A880-B668-4546-B4AE-39A2FB979617}.Release|x64.ActiveCfg = Release|x64
		{1716A880-B668-4546-B4AE-39A2FB979617}.Release|x64.Build.0 = Release|x64
		{1716A880-B668-4546-B4AE-39A2FB979617}.Release|x86.ActiveCfg = Release|Win32
		{1716A880-B668-4546-B4AE-39A2FB979617}.Release|x86.Build.0 = Release|Win32
		{7EC05D73-50BD-4E44-9B7D-D0184E26FA74}.Debug|ARM64.ActiveCfg = Debug|ARM64
		{7EC05D73-50BD-4E44-9B7D-D0184E26FA74}.Debug|ARM64.Build.0 = Debug|ARM64
		{7EC05D73-50BD-4E44-9B7D-D0184E26FA74}.Debug|x64.ActiveCfg = Debug|x64
		{7EC05D73-50BD-4E44-9B7D-D0184E26FA74}.Debug|x64.Build.0 = Debug|x64
		{7EC05D73-50BD-4E44-9B7D-D0184E26FA74}.Debug|x86.ActiveCfg = Debug|Win32
		{7EC05D73-50BD-4E44-9B7D-D0184E26FA74}.Debug|x86.Build.0 = Debug|Win32
		{7EC05D73-50BD-4E44-9B7D-D0184E26FA74}.Release|ARM64.ActiveCfg = Release|ARM64
		{7EC05D73-50BD-4E44-9B7D-D0184E26FA74}.Release|ARM64.Build.0 = Release|ARM64
		{7EC05D73-50BD-4E44-9B7D-D0184E26FA74}.Release|x64.ActiveCfg = Release|x64
		{7EC05D73-50BD-4E44-9B7D-D0184E26FA74}.Release|x64.Build.0 = Release|x64
		{7EC05D73-50BD-4E44-9B7D-D0184E26FA74}.Release|x86.ActiveCfg = Release|Win32
		{7EC05D73-50BD-4E44-9B7D-D0184E26FA74}.Release|x86.Build.0 = Release|Win32
		{B8682394-6133-4597-9BF7-A5149FF8931E}.Debug|ARM64.ActiveCfg = Debug|ARM64
		{B8682394-6133-4597-9BF7-A5149FF8931E}.Debug|ARM64.Build.0 = Debug|ARM64
		{B8682394-6133-4597-9BF7-A5149FF8931E}.Debug|x64.ActiveCfg = Debug|x64
		{B8682394-6133-4597-9BF7-A5149FF8931E}.Debug|x64.Build.0 = Debug|x64
		{B8682394-6133-4597-9BF7-A5149FF8931E}.Debug|x86.ActiveCfg = Debug|Win32
		{B8682394-6133-4597-9BF7-A5149FF8931E}.Debug|x86.Build.0 = Debug|Win32
		{B8682394-6133-4597-9BF7-A5149FF8931E}.Release|ARM64.ActiveCfg = Release|ARM64
		{B8682394-6133-4597-9BF7-A5149FF8931E}.Release|ARM64.Build.0 = Release|ARM64
		{B8682394-6133-4597-9BF7-A5149FF8931E}.Release|x64.ActiveCfg = Release|x64
		{B8682394-6133-4597-9BF7-A5149FF8931E}.Release|x64.Build.0 = Release|x64
		{B8682394-6133-4597-9BF7-A5149FF8931E}.Release|x86.ActiveCfg = Release|Win32
		{B8682394-6133-4597-9BF7-A5149FF8931E}.Release|x86.Build.0 = Release|Win32
		{836E375E-AE03-4853-A53B-4356AA503CE5}.Debug|ARM64.ActiveCfg = Debug|ARM64
		{836E375E-AE03-4853-A53B-4356AA503CE5}.Debug|ARM64.Build.0 = Debug|ARM64
		{836E375E-AE03-4853-A53B-4356AA503CE5}.Debug|x64.ActiveCfg = Debug|x64
		{836E375E-AE03-4853-A53B-4356AA503CE5}.Debug|x64.Build.0 = Debug|x64
		{836E375E-AE03-4853-A53B-4356AA503CE5}.Debug|x86.ActiveCfg = Debug|Win32
		{836E375E-AE03-4853-A53B-4356AA503CE5}.Debug|x86.Build.0 = Debug|Win32
		{836E375E-AE03-4853-A53B-4356AA503CE5}.Release|ARM64.ActiveCfg = Release|ARM64
		{836E375E-AE03-4853-A53B-4356AA503CE5}.Release|ARM64.Build.0 = Release|ARM64
		{836E375E-AE03-4853-A53B-4356AA503CE5}.Release|x64.ActiveCfg = Release|x64
		{836E375E-AE03-4853-A53B-4356AA503CE5}.Release|x64.Build.0 = Release|x64
		{836E375E-AE03-4853-A53B-4356AA503CE5}.Release|x86.ActiveCfg = Release|Win32
		{836E375E-AE03-4853-A53B-4356AA503CE5}.Release|x86.Build.0 = Release|Win32
		{E249F233-5E21-48CF-B392-CF356F65E776}.Debug|ARM64.ActiveCfg = Debug|ARM64
		{E249F233-5E21-48CF-B392-CF356F65E776}.Debug|ARM64.Build.0 = Debug|ARM64
		{E249F233-5E21-48CF-B392-CF356F65E776}.Debug|x64.ActiveCfg = Debug|x64
		{E249F233-5E21-48CF-B392-CF356F65E776}.Debug|x64.Build.0 = Debug|x64
		{E249F233-5E21-48CF-B392-CF356F65E776}.Debug|x86.ActiveCfg = Debug|Win32
		{E249F233-5E21-48CF-B392-CF356F65E776}.Debug|x86.Build.0 = Debug|Win32
		{E249F233-5E21-48CF-B392-CF356F65E776}.Release|ARM64.ActiveCfg = Release|ARM64
		{E249F233-5E21-48CF-B392-CF356F65E776}.Release|ARM64.Build.0 = Release|ARM64
		{E249F233-5E21-48CF-B392-CF356F65E776}.Release|x64.ActiveCfg = Release|x64
		{E249F233-5E21-48CF-B392-CF356F65E776}.Release|x64.Build.0 = Release|x64
		{E249F233-5E21-48CF-B392-CF356F65E776}.Release|x86.ActiveCfg = Release|Win32
		{E249F233-5E21-48CF-B392-CF356F65E776}.Release|x86.Build.0 = Release|Win32
		{491FB62A-7B3C-40E8-8937-34D94873C3B9}.Debug|ARM64.ActiveCfg = Debug|ARM64
		{491FB62A-7B3C-40E8-8937-34D94873C3B9}.Debug|ARM64.Build.0 = Debug|ARM64
		{491FB62A-7B3C-40E8-8937-34D94873C3B9}.Debug|x64.ActiveCfg = Debug|x64
		{491FB62A-7B3C-40E8-8937-34D94873C3B9}.Debug|x64.Build.0 = Debug|x64
		{491FB62A-7B3C-40E8-8937-34D94873C3B9}.Debug|x86.ActiveCfg = Debug|Win32
		{491FB62A-7B3C-40E8-8937-34D94873C3B9}.Debug|x86.Build.0 = Debug|Win32
		{491FB62A-7B3C-40E8-8937-34D94873C3B9}.Release|ARM64.ActiveCfg = Release|ARM64
		{491FB62A-7B3C-40E8-8937-34D94873C3B9}.Release|ARM64.Build.0 = Release|ARM64
		{491FB62A-7B3C-40E8-8937-34D94873C3B9}.Release|x64.ActiveCfg = Release|x64
		{491FB62A-7B3C-40E8-8937-34D94873C3B9}.Release|x64.Build.0 = Release|x64
		{491FB62A-7B3C-40E8-8937-34D94873C3B9}.Release|x86.ActiveCfg = Release|Win32
		{491FB62A-7B3C-40E8-8937-34D94873C3B9}.Release|x86.Build.0 = Release|Win32
		{A5373B46-5B5B-4D1B-AC26-F6EB6561F79F}.Debug|ARM64.ActiveCfg = Debug|ARM64
		{A5373B46-5B5B-4D1B-AC26-F6EB6561F79F}.Debug|ARM64.Build.0 = Debug|ARM64
		{A5373B46-5B5B-4D1B-AC26-F6EB6561F79F}.Debug|x64.ActiveCfg = Debug|x64
		{A5373B46-5B5B-4D1B-AC26-F6EB6561F79F}.Debug|x64.Build.0 = Debug|x64
		{A5373B46-5B5B-4D1B-AC26-F6EB6561F79F}.Debug|x86.ActiveCfg = Debug|Win32
		{A5373B46-5B5B-4D1B-AC26-F6EB6561F79F}.Debug|x86.Build.0 = Debug|Win32
		{A5373B46-5B5B-4D1B-AC26-F6EB6561F79F}.Release|ARM64.ActiveCfg = Release|ARM64
		{A5373B46-5B5B-4D1B-AC26-F6EB6561F79F}.Release|ARM64.Build.0 = Release|ARM64
		{A5373B46-5B5B-4D1B-AC26-F6EB6561F79F}.Release|x64.ActiveCfg = Release|x64
		{A5373B46-5B5B-4D1B-AC26-F6EB6561F79F}.Release|x64.Build.0 = Release|x64
		{A5373B46-5B5B-4D1B-AC26-F6EB6561F79F}.Release|x86.ActiveCfg = Release|Win32
		{A5373B46-5B5B-4D1B-AC26-F6EB6561F79F}.Release|x86.Build.0 = Release|Win32
		{AA9A628A-3402-4F39-8BB1-D5E4C48D90AA}.Debug|ARM64.ActiveCfg = Debug|ARM64
		{AA9A628A-3402-4F39-8BB1-D5E4C48D90AA}.Debug|ARM64.Build.0 = Debug|ARM64
		{AA9A628A-3402-4F39-8BB1-D5E4C48D90AA}.Debug|x64.ActiveCfg = Debug|x64
		{AA9A628A-3402-4F39-8BB1-D5E4C48D90AA}.Debug|x64.Build.0 = Debug|x64
		{AA9A628A-3402-4F39-8BB1-D5E4C48D90AA}.Debug|x86.ActiveCfg = Debug|Win32
		{AA9A628A-3402-4F39-8BB1-D5E4C48D90AA}.Debug|x86.Build.0 = Debug|Win32
		{AA9A628A-3402-4F39-8BB1-D5E4C48D90AA}.Release|ARM64.ActiveCfg = Release|ARM64
		{AA9A628A-3402-4F39-8BB1-D5E4C48D90AA}.Release|ARM64.Build.0 = Release|ARM64
		{AA9A628A-3402-4F39-8BB1-D5E4C48D90AA}.Release|x64.ActiveCfg = Release|x64
		{AA9A628A-3402-4F39-8BB1-D5E4C48D90AA}.Release|x64.Build.0 = Release|x64
		{AA9A628A-3402-4F39-8BB1-D5E4C48D90AA}.Release|x86.ActiveCfg = Release|Win32
		{AA9A628A-3402-4F39-8BB1-D5E4C48D90AA}.Release|x86.Build.0 = Release|Win32
		{4C757327-0912-4BB6-812E-4FAC8231F814}.Debug|ARM64.ActiveCfg = Debug|ARM64
		{4C757327-0912-4BB6-812E-4FAC8231F814}.Debug|ARM64.Build.0 = Debug|ARM64
		{4C757327-0912-4BB6-812E-4FAC8231F814}.Debug|x64.ActiveCfg = Debug|x64
		{4C757327-0912-4BB6-812E-4FAC8231F814}.Debug|x64.Build.0 = Debug|x64
		{4C757327-0912-4BB6-812E-4FAC8231F814}.Debug|x86.ActiveCfg = Debug|Win32
		{4C757327-0912-4BB6-812E-4FAC8231F814}.Debug|x86.Build.0 = Debug|Win32
		{4C757327-0912-4BB6-812E-4FAC8231F814}.Release|ARM64.ActiveCfg = Release|ARM64
		{4C757327-0912-4BB6-812E-4FAC8231F814}.Release|ARM64.Build.0 = Release|ARM64
		{4C757327-0912-4BB6-812E-4FAC8231F814}.Release|x64.ActiveCfg = Release|x64
		{4C757327-0912-4BB6-812E-4FAC8231F814}.Release|x64.Build.0 = Release|x64
		{4C757327-0912-4BB6-812E-4FAC8231F814}.Release|x86.ActiveCfg = Release|Win32
		{4C757327-0912-4BB6-812E-4FAC8231F814}.Release|x86.Build.0 = Release|Win32
		{D7DBB376-3674-4EFC-B0E5-DC8175F59DCE}.Debug|ARM64.ActiveCfg = Debug|ARM64
		{D7DBB376-3674-4EFC-B0E5-DC8175F59DCE}.Debug|ARM64.Build.0 = Debug|ARM64
		{D7DBB376-3674-4EFC-B0E5-DC8175F59DCE}.Debug|x64.ActiveCfg = Debug|x64
		{D7DBB376-3674-4EFC-B0E5-DC8175F59DCE}.Debug|x64.Build.0 = Debug|x64
		{D7DBB376-3674-4EFC-B0E5-DC8175F59DCE}.Debug|x86.ActiveCfg = Debug|Win32
		{D7DBB376-3674-4EFC-B0E5-DC8175F59DCE}.Debug|x86.Build.0 = Debug|Win32
		{D7DBB376-3674-4EFC-B0E5-DC8175F59DCE}.Release|ARM64.ActiveCfg = Release|ARM64
		{D7DBB376-3674-4EFC-B0E5-DC8175F59DCE}.Release|ARM64.Build.0 = Release|ARM64
		{D7DBB376-3674-4EFC-B0E5-DC8175F59DCE}.Release|x64.ActiveCfg = Release|x64
		{D7DBB376-3674-4EFC-B0E5-DC8175F59DCE}.Release|x64.Build.0 = Release|x64
		{D7DBB376-3674-4EFC-B0E5-DC8175F59DCE}.Release|x86.ActiveCfg = Release|Win32
		{D7DBB376-3674-4EFC-B0E5-DC8175F59DCE}.Release|x86.Build.0 = Release|Win32
		{C155CF28-F49B-4C29-B9AA-CD352C4E3B02}.Debug|ARM64.ActiveCfg = Debug|ARM64
		{C155CF28-F49B-4C29-B9AA-CD352C4E3B02}.Debug|ARM64.Build.0 = Debug|ARM64
		{C155CF28-F49B-4C29-B9AA-CD352C4E3B02}.Debug|x64.ActiveCfg = Debug|x64
		{C155CF28-F49B-4C29-B9AA-CD352C4E3B02}.Debug|x64.Build.0 = Debug|x64
		{C155CF28-F49B-4C29-B9AA-CD352C4E3B02}.Debug|x86.ActiveCfg = Debug|Win32
		{C155CF28-F49B-4C29-B9AA-CD352C4E3B02}.Debug|x86.Build.0 = Debug|Win32
		{C155CF28-F49B-4C29-B9AA-CD352C4E3B02}.Release|ARM64.ActiveCfg = Release|ARM64
		{C155CF28-F49B-4C29-B9AA-CD352C4E3B02}.Release|ARM64.Build.0 = Release|ARM64
		{C155CF28-F49B-4C29-B9AA-CD352C4E3B02}.Release|x64.ActiveCfg = Release|x64
		{C155CF28-F49B-4C29-B9AA-CD352C4E3B02}.Release|x64.Build.0 = Release|x64
		{C155CF28-F49B-4C29-B9AA-CD352C4E3B02}.Release|x86.ActiveCfg = Release|Win32
		{C155CF28-F49B-4C29-B9AA-CD352C4E3B02}.Release|x86.Build.0 = Release|Win32
		{A94E6590-D061-41F2-832F-71C236996F03}.Debug|ARM64.ActiveCfg = Debug|ARM64
		{A94E6590-D061-41F2-832F-71C236996F03}.Debug|ARM64.Build.0 = Debug|ARM64
		{A94E6590-D061-41F2-832F-71C236996F03}.Debug|x64.ActiveCfg = Debug|x64
		{A94E6590-D061-41F2-832F-71C236996F03}.Debug|x64.Build.0 = Debug|x64
		{A94E6590-D061-41F2-832F-71C236996F03}.Debug|x86.ActiveCfg = Debug|Win32
		{A94E6590-D061-41F2-832F-71C236996F03}.Debug|x86.Build.0 = Debug|Win32
		{A94E6590-D061-41F2-832F-71C236996F03}.Release|ARM64.ActiveCfg = Release|ARM64
		{A94E6590-D061-41F2-832F-71C236996F03}.Release|ARM64.Build.0 = Release|ARM64
		{A94E6590-D061-41F2-832F-71C236996F03}.Release|x64.ActiveCfg = Release|x64
		{A94E6590-D061-41F2-832F-71C236996F03}.Release|x64.Build.0 = Release|x64
		{A94E6590-D061-41F2-832F-71C236996F03}.Release|x86.ActiveCfg = Release|Win32
		{A94E6590-D061-41F2-832F-71C236996F03}.Release|x86.Build.0 = Release|Win32
		{A47A3D87-5751-4672-A07E-8DB5A771AAE4}.Debug|ARM64.ActiveCfg = Debug|ARM64
		{A47A3D87-5751-4672-A07E-8DB5A771AAE4}.Debug|ARM64.Build.0 = Debug|ARM64
		{A47A3D87-5751-4672-A07E-8DB5A771AAE4}.Debug|x64.ActiveCfg = Debug|x64
		{A47A3D87-5751-4672-A07E-8DB5A771AAE4}.Debug|x64.Build.0 = Debug|x64
		{A47A3D87-5751-4672-A07E-8DB5A771AAE4}.Debug|x86.ActiveCfg = Debug|Win32
		{A47A3D87-5751-4672-A07E-8DB5A771AAE4}.Debug|x86.Build.0 = Debug|Win32
		{A47A3D87-5751-4672-A07E-8DB5A771AAE4}.Release|ARM64.ActiveCfg = Release|ARM64
		{A47A3D87-5751-4672-A07E-8DB5A771AAE4}.Release|ARM64.Build.0 = Release|ARM64
		{A47A3D87-5751-4672-A07E-8DB5A771AAE4}.Release|x64.ActiveCfg = Release|x64
		{A47A3D87-5751-4672-A07E-8DB5A771AAE4}.Release|x64.Build.0 = Release|x64
		{A47A3D87-5751-4672-A07E-8DB5A771AAE4}.Release|x86.ActiveCfg = Release|Win32
		{A47A3D87-5751-4672-A07E-8DB5A771AAE4}.Release|x86.Build.0 = Release|Win32
		{70C089EE-3924-4F42-BAF2-8B505018E755}.Debug|ARM64.ActiveCfg = Debug|ARM64
		{70C089EE-3924-4F42-BAF2-8B505018E755}.Debug|ARM64.Build.0 = Debug|ARM64
		{70C089EE-3924-4F42-BAF2-8B505018E755}.Debug|x64.ActiveCfg = Debug|x64
		{70C089EE-3924-4F42-BAF2-8B505018E755}.Debug|x64.Build.0 = Debug|x64
		{70C089EE-3924-4F42-BAF2-8B505018E755}.Debug|x86.ActiveCfg = Debug|Win32
		{70C089EE-3924-4F42-BAF2-8B505018E755}.Debug|x86.Build.0 = Debug|Win32
		{70C089EE-3924-4F42-BAF2-8B505018E755}.Release|ARM64.ActiveCfg = Release|ARM64
		{70C089EE-3924-4F42-BAF2-8B505018E755}.Release|ARM64.Build.0 = Release|ARM64
		{70C089EE-3924-4F42-BAF2-8B505018E755}.Release|x64.ActiveCfg = Release|x64
		{70C089EE-3924-4F42-BAF2-8B505018E755}.Release|x64.Build.0 = Release|x64
		{70C089EE-3924-4F42-BAF2-8B505018E755}.Release|x86.ActiveCfg = Release|Win32
		{70C089EE-3924-4F42-BAF2-8B505018E755}.Release|x86.Build.0 = Release|Win32
		{38786CC1-9A91-4321-9B33-5898B38D9C4F}.Debug|ARM64.ActiveCfg = Debug|ARM64
		{38786CC1-9A91-4321-9B33-5898B38D9C4F}.Debug|ARM64.Build.0 = Debug|ARM64
		{38786CC1-9A91-4321-9B33-5898B38D9C4F}.Debug|x64.ActiveCfg = Debug|x64
		{38786CC1-9A91-4321-9B33-5898B38D9C4F}.Debug|x64.Build.0 = Debug|x64
		{38786CC1-9A91-4321-9B33-5898B38D9C4F}.Debug|x86.ActiveCfg = Debug|Win32
		{38786CC1-9A91-4321-9B33-5898B38D9C4F}.Debug|x86.Build.0 = Debug|Win32
		{38786CC1-9A91-4321-9B33-5898B38D9C4F}.Release|ARM64.ActiveCfg = Release|ARM64
		{38786CC1-9A91-4321-9B33-5898B38D9C4F}.Release|ARM64.Build.0 = Release|ARM64
		{38786CC1-9A91-4321-9B33-5898B38D9C4F}.Release|x64.ActiveCfg = Release|x64
		{38786CC1-9A91-4321-9B33-5898B38D9C4F}.Release|x64.Build.0 = Release|x64
		{38786CC1-9A91-4321-9B33-5898B38D9C4F}.Release|x86.ActiveCfg = Release|Win32
		{38786CC1-9A91-4321-9B33-5898B38D9C4F}.Release|x86.Build.0 = Release|Win32
		{1D55EC98-4258-4EFF-BFB6-9BCB3AB83E5B}.Debug|ARM64.ActiveCfg = Debug|ARM64
		{1D55EC98-4258-4EFF-BFB6-9BCB3AB83E5B}.Debug|ARM64.Build.0 = Debug|ARM64
		{1D55EC98-4258-4EFF-BFB6-9BCB3AB83E5B}.Debug|x64.ActiveCfg = Debug|x64
		{1D55EC98-4258-4EFF-BFB6-9BCB3AB83E5B}.Debug|x64.Build.0 = Debug|x64
		{1D55EC98-4258-4EFF-BFB6-9BCB3AB83E5B}.Debug|x86.ActiveCfg = Debug|Win32
		{1D55EC98-4258-4EFF-BFB6-9BCB3AB83E5B}.Debug|x86.Build.0 = Debug|Win32
		{1D55EC98-4258-4EFF-BFB6-9BCB3AB83E5B}.Release|ARM64.ActiveCfg = Release|ARM64
		{1D55EC98-4258-4EFF-BFB6-9BCB3AB83E5B}.Release|ARM64.Build.0 = Release|ARM64
		{1D55EC98-4258-4EFF-BFB6-9BCB3AB83E5B}.Release|x64.ActiveCfg = Release|x64
		{1D55EC98-4258-4EFF-BFB6-9BCB3AB83E5B}.Release|x64.Build.0 = Release|x64
		{1D55EC98-4258-4EFF-BFB6-9BCB3AB83E5B}.Release|x86.ActiveCfg = Release|Win32
		{1D55EC98-4258-4EFF-BFB6-9BCB3AB83E5B}.Release|x86.Build.0 = Release|Win32
		{7DF0163A-04AE-4B06-BCC9-E78BB02A958E}.Debug|ARM64.ActiveCfg = Debug|ARM64
		{7DF0163A-04AE-4B06-BCC9-E78BB02A958E}.Debug|ARM64.Build.0 = Debug|ARM64
		{7DF0163A-04AE-4B06-BCC9-E78BB02A958E}.Debug|x64.ActiveCfg = Debug|x64
		{7DF0163A-04AE-4B06-BCC9-E78BB02A958E}.Debug|x64.Build.0 = Debug|x64
		{7DF0163A-04AE-4B06-BCC9-E78BB02A958E}.Debug|x86.ActiveCfg = Debug|Win32
		{7DF0163A-04AE-4B06-BCC9-E78BB02A958E}.Debug|x86.Build.0 = Debug|Win32
		{7DF0163A-04AE-4B06-BCC9-E78BB02A958E}.Release|ARM64.ActiveCfg = Release|ARM64
		{7DF0163A-04AE-4B06-BCC9-E78BB02A958E}.Release|ARM64.Build.0 = Release|ARM64
		{7DF0163A-04AE-4B06-BCC9-E78BB02A958E}.Release|x64.ActiveCfg = Release|x64
		{7DF0163A-04AE-4B06-BCC9-E78BB02A958E}.Release|x64.Build.0 = Release|x64
		{7DF0163A-04AE-4B06-BCC9-E78BB02A958E}.Release|x86.ActiveCfg = Release|Win32
		{7DF0163A-04AE-4B06-BCC9-E78BB02A958E}.Release|x86.Build.0 = Release|Win32
		{68F07A83-1019-4327-B07E-1B81936C4A78}.Debug|ARM64.ActiveCfg = Debug|ARM64
		{68F07A83-1019-4327-B07E-1B81936C4A78}.Debug|ARM64.Build.0 = Debug|ARM64
		{68F07A83-1019-4327-B07E-1B81936C4A78}.Debug|x64.ActiveCfg = Debug|x64
		{68F07A83-1019-4327-B07E-1B81936C4A78}.Debug|x64.Build.0 = Debug|x64
		{68F07A83-1019-4327-B07E-1B81936C4A78}.Debug|x86.ActiveCfg = Debug|Win32
		{68F07A83-1019-4327-B07E-1B81936C4A78}.Debug|x86.Build.0 = Debug|Win32
		{68F07A83-1019-4327-B07E-1B81936C4A78}.Release|ARM64.ActiveCfg = Release|ARM64
		{68F07A83-1019-4327-B07E-1B81936C4A78}.Release|ARM64.Build.0 = Release|ARM64
		{68F07A83-1019-4327-B07E-1B81936C4A78}.Release|x64.ActiveCfg = Release|x64
		{68F07A83-1019-4327-B07E-1B81936C4A78}.Release|x64.Build.0 = Release|x64
		{68F07A83-1019-4327-B07E-1B81936C4A78}.Release|x86.ActiveCfg = Release|Win32
		{68F07A83-1019-4327-B07E-1B81936C4A78}.Release|x86.Build.0 = Release|Win32
		{C81A5677-EFD8-40D5-B1DB-D11A95B574CB}.Debug|ARM64.ActiveCfg = Debug|ARM64
		{C81A5677-EFD8-40D5-B1DB-D11A95B574CB}.Debug|ARM64.Build.0 = Debug|ARM64
		{C81A5677-EFD8-40D5-B1DB-D11A95B574CB}.Debug|x64.ActiveCfg = Debug|x64
		{C81A5677-EFD8-40D5-B1DB-D11A95B574CB}.Debug|x64.Build.0 = Debug|x64
		{C81A5677-EFD8-40D5-B1DB-D11A95B574CB}.Debug|x86.ActiveCfg = Debug|Win32
		{C81A5677-EFD8-40D5-B1DB-D11A95B574CB}.Debug|x86.Build.0 = Debug|Win32
		{C81A5677-EFD8-40D5-B1DB-D11A95B574CB}.Release|ARM64.ActiveCfg = Release|ARM64
		{C81A5677-EFD8-40D5-B1DB-D11A95B574CB}.Release|ARM64.Build.0 = Release|ARM64
		{C81A5677-EFD8-40D5-B1DB-D11A95B574CB}.Release|x64.ActiveCfg = Release|x64
		{C81A5677-EFD8-40D5-B1DB-D11A95B574CB}.Release|x64.Build.0 = Release|x64
		{C81A5677-EFD8-40D5-B1DB-D11A95B574CB}.Release|x86.ActiveCfg = Release|Win32
		{C81A5677-EFD8-40D5-B1DB-D11A95B574CB}.Release|x86.Build.0 = Release|Win32
		{4E302D38-DADA-4151-BFB6-D92592462A8E}.Debug|ARM64.ActiveCfg = Debug|ARM64
		{4E302D38-DADA-4151-BFB6-D92592462A8E}.Debug|ARM64.Build.0 = Debug|ARM64
		{4E302D38-DADA-4151-BFB6-D92592462A8E}.Debug|x64.ActiveCfg = Debug|x64
		{4E302D38-DADA-4151-BFB6-D92592462A8E}.Debug|x64.Build.0 = Debug|x64
		{4E302D38-DADA-4151-BFB6-D92592462A8E}.Debug|x86.ActiveCfg = Debug|Win32
		{4E302D38-DADA-4151-BFB6-D92592462A8E}.Debug|x86.Build.0 = Debug|Win32
		{4E302D38-DADA-4151-BFB6-D92592462A8E}.Release|ARM64.ActiveCfg = Release|ARM64
		{4E302D38-DADA-4151-BFB6-D92592462A8E}.Release|ARM64.Build.0 = Release|ARM64
		{4E302D38-DADA-4151-BFB6-D92592462A8E}.Release|x64.ActiveCfg = Release|x64
		{4E302D38-DADA-4151-BFB6-D92592462A8E}.Release|x64.Build.0 = Release|x64
		{4E302D38-DADA-4151-BFB6-D92592462A8E}.Release|x86.ActiveCfg = Release|Win32
		{4E302D38-DADA-4151-BFB6-D92592462A8E}.Release|x86.Build.0 = Release|Win32
		{EC6BC3CC-57CB-47BB-BD6D-328322074897}.Debug|ARM64.ActiveCfg = Debug|ARM64
		{EC6BC3CC-57CB-47BB-BD6D-328322074897}.Debug|ARM64.Build.0 = Debug|ARM64
		{EC6BC3CC-57CB-47BB-BD6D-328322074897}.Debug|x64.ActiveCfg = Debug|x64
		{EC6BC3CC-57CB-47BB-BD6D-328322074897}.Debug|x64.Build.0 = Debug|x64
		{EC6BC3CC-57CB-47BB-BD6D-328322074897}.Debug|x86.ActiveCfg = Debug|Win32
		{EC6BC3CC-57CB-47BB-BD6D-328322074897}.Debug|x86.Build.0 = Debug|Win32
		{EC6BC3CC-57CB-47BB-BD6D-328322074897}.Release|ARM64.ActiveCfg = Release|ARM64
		{EC6BC3CC-57CB-47BB-BD6D-328322074897}.Release|ARM64.Build.0 = Release|ARM64
		{EC6BC3CC-57CB-47BB-BD6D-328322074897}.Release|x64.ActiveCfg = Release|x64
		{EC6BC3CC-57CB-47BB-BD6D-328322074897}.Release|x64.Build.0 = Release|x64
		{EC6BC3CC-57CB-47BB-BD6D-328322074897}.Release|x86.ActiveCfg = Release|Win32
		{EC6BC3CC-57CB-47BB-BD6D-328322074897}.Release|x86.Build.0 = Release|Win32
		{D5C6900E-DE4D-4040-B849-EB82FD7657C0}.Debug|ARM64.ActiveCfg = Debug|ARM64
		{D5C6900E-DE4D-4040-B849-EB82FD7657C0}.Debug|ARM64.Build.0 = Debug|ARM64
		{D5C6900E-DE4D-4040-B849-EB82FD7657C0}.Debug|x64.ActiveCfg = Debug|x64
		{D5C6900E-DE4D-4040-B849-EB82FD7657C0}.Debug|x64.Build.0 = Debug|x64
		{D5C6900E-DE4D-4040-B849-EB82FD7657C0}.Debug|x86.ActiveCfg = Debug|Win32
		{D5C6900E-DE4D-4040-B849-EB82FD7657C0}.Debug|x86.Build.0 = Debug|Win32
		{D5C6900E-DE4D-4040-B849-EB82FD7657C0}.Release|ARM64.ActiveCfg = Release|ARM64
		{D5C6900E-DE4D-4040-B849-EB82FD7657C0}.Release|ARM64.Build.0 = Release|ARM64
		{D5C6900E-DE4D-4040-B849-EB82FD7657C0}.Release|x64.ActiveCfg = Release|x64
		{D5C6900E-DE4D-4040-B849-EB82FD7657C0}.Release|x64.Build.0 = Release|x64
		{D5C6900E-DE4D-4040-B849-EB82FD7657C0}.Release|x86.ActiveCfg = Release|Win32
		{D5C6900E-DE4D-4040-B849-EB82FD7657C0}.Release|x86.Build.0 = Release|Win32
		{66F099A4-7A4B-4697-B3C8-A494CAC80CF2}.Debug|ARM64.ActiveCfg = Debug|ARM64
		{66F099A4-7A4B-4697-B3C8-A494CAC80CF2}.Debug|ARM64.Build.0 = Debug|ARM64
		{66F099A4-7A4B-4697-B3C8-A494CAC80CF2}.Debug|x64.ActiveCfg = Debug|x64
		{66F099A4-7A4B-4697-B3C8-A494CAC80CF2}.Debug|x64.Build.0 = Debug|x64
		{66F099A4-7A4B-4697-B3C8-A494CAC80CF2}.Debug|x86.ActiveCfg = Debug|Win32
		{66F099A4-7A4B-4697-B3C8-A494CAC80CF2}.Debug|x86.Build.0 = Debug|Win32
		{66F099A4-7A4B-4697-B3C8-A494CAC80CF2}.Release|ARM64.ActiveCfg = Release|ARM64
		{66F099A4-7A4B-4697-B3C8-A494CAC80CF2}.Release|ARM64.Build.0 = Release|ARM64
		{66F099A4-7A4B-4697-B3C8-A494CAC80CF2}.Release|x64.ActiveCfg = Release|x64
		{66F099A4-7A4B-4697-B3C8-A494CAC80CF2}.Release|x64.Build.0 = Release|x64
		{66F099A4-7A4B-4697-B3C8-A494CAC80CF2}.Release|x86.ActiveCfg = Release|Win32
		{66F099A4-7A4B-4697-B3C8-A494CAC80CF2}.Release|x86.Build.0 = Release|Win32
		{54BAE341-08CE-4EF4-B9E3-815EF15A5FD2}.Debug|ARM64.ActiveCfg = Debug|ARM64
		{54BAE341-08CE-4EF4-B9E3-815EF15A5FD2}.Debug|ARM64.Build.0 = Debug|ARM64
		{54BAE341-08CE-4EF4-B9E3-815EF15A5FD2}.Debug|x64.ActiveCfg = Debug|x64
		{54BAE341-08CE-4EF4-B9E3-815EF15A5FD2}.Debug|x64.Build.0 = Debug|x64
		{54BAE341-08CE-4EF4-B9E3-815EF15A5FD2}.Debug|x86.ActiveCfg = Debug|Win32
		{54BAE341-08CE-4EF4-B9E3-815EF15A5FD2}.Debug|x86.Build.0 = Debug|Win32
		{54BAE341-08CE-4EF4-B9E3-815EF15A5FD2}.Release|ARM64.ActiveCfg = Release|ARM64
		{54BAE341-08CE-4EF4-B9E3-815EF15A5FD2}.Release|ARM64.Build.0 = Release|ARM64
		{54BAE341-08CE-4EF4-B9E3-815EF15A5FD2}.Release|x64.ActiveCfg = Release|x64
		{54BAE341-08CE-4EF4-B9E3-815EF15A5FD2}.Release|x64.Build.0 = Release|x64
		{54BAE341-08CE-4EF4-B9E3-815EF15A5FD2}.Release|x86.ActiveCfg = Release|Win32
		{54BAE341-08CE-4EF4-B9E3-815EF15A5FD2}.Release|x86.Build.0 = Release|Win32
		{5080CD1E-4C24-4901-BAEF-8BC1F3F9413A}.Debug|ARM64.ActiveCfg = Debug|ARM64
		{5080CD1E-4C24-4901-BAEF-8BC1F3F9413A}.Debug|ARM64.Build.0 = Debug|ARM64
		{5080CD1E-4C24-4901-BAEF-8BC1F3F9413A}.Debug|x64.ActiveCfg = Debug|x64
		{5080CD1E-4C24-4901-BAEF-8BC1F3F9413A}.Debug|x64.Build.0 = Debug|x64
		{5080CD1E-4C24-4901-BAEF-8BC1F3F9413A}.Debug|x86.ActiveCfg = Debug|Win32
		{5080CD1E-4C24-4901-BAEF-8BC1F3F9413A}.Debug|x86.Build.0 = Debug|Win32
		{5080CD1E-4C24-4901-BAEF-8BC1F3F9413A}.Release|ARM64.ActiveCfg = Release|ARM64
		{5080CD1E-4C24-4901-BAEF-8BC1F3F9413A}.Release|ARM64.Build.0 = Release|ARM64
		{5080CD1E-4C24-4901-BAEF-8BC1F3F9413A}.Release|x64.ActiveCfg = Release|x64
		{5080CD1E-4C24-4901-BAEF-8BC1F3F9413A}.Release|x64.Build.0 = Release|x64
		{5080CD1E-4C24-4901-BAEF-8BC1F3F9413A}.Release|x86.ActiveCfg = Release|Win32
		{5080CD1E-4C24-4901-BAEF-8BC1F3F9413A}.Release|x86.Build.0 = Release|Win32
	EndGlobalSection
	GlobalSection(SolutionProperties) = preSolution
		HideSolutionNode = FALSE
	EndGlobalSection
	GlobalSection(NestedProjects) = preSolution
		{1665DB01-9D57-4475-ADCF-68091F141216} = {E9546917-8931-4E94-B6B9-8432F4812F1A}
		{FE0331BA-9210-4143-81CB-E68B6804F5F7} = {E9546917-8931-4E94-B6B9-8432F4812F1A}
		{805DC1D6-89F1-4CDB-96C3-8DE6FA0185DF} = {B10804E0-2840-4448-8474-24C1FA0A6228}
		{CA8AF10B-37FE-42EA-94B8-3B82B0C89246} = {B10804E0-2840-4448-8474-24C1FA0A6228}
		{281C8AFC-9074-46A3-BA09-9D1F4BDD57EC} = {B10804E0-2840-4448-8474-24C1FA0A6228}
		{047B2FA6-B908-42FE-84A8-E8BFDE6E10B7} = {B10804E0-2840-4448-8474-24C1FA0A6228}
		{F9B2D1B2-CCFE-4DB9-ADA4-711C63061757} = {B10804E0-2840-4448-8474-24C1FA0A6228}
		{161A8FB7-B9F2-421C-9942-4D85C71943AA} = {B10804E0-2840-4448-8474-24C1FA0A6228}
		{919D999C-8B3D-43E6-B119-E94A8B03A8DC} = {B10804E0-2840-4448-8474-24C1FA0A6228}
		{4F65C25C-13AE-407C-A229-7A3A3DF69F21} = {A0C05790-FACB-4EBF-95FE-34217EB79038}
		{4CA5FC30-4111-45D9-9CD6-44E08741C3F1} = {A0C05790-FACB-4EBF-95FE-34217EB79038}
		{DE9141CC-148F-49AD-91C8-5E0F9F0D96AA} = {A0C05790-FACB-4EBF-95FE-34217EB79038}
		{869265FD-5609-4DA3-9083-17696FC85611} = {A0C05790-FACB-4EBF-95FE-34217EB79038}
		{83EE9306-C311-4B6D-A05C-21D8168658CF} = {A0C05790-FACB-4EBF-95FE-34217EB79038}
		{83F16065-81F9-41A6-829B-8A6FB491E59B} = {6EA1B04C-84A1-4086-B967-692545BC1108}
		{D14E9275-3796-4CD1-9F67-E2711BD8AFAA} = {6EA1B04C-84A1-4086-B967-692545BC1108}
		{7B9F759F-16F6-493C-9AF0-5AC0B8C9FDE6} = {6EA1B04C-84A1-4086-B967-692545BC1108}
		{1716A880-B668-4546-B4AE-39A2FB979617} = {B10F4AC4-B2F9-4AF3-9C60-7DC436483D3D}
		{7EC05D73-50BD-4E44-9B7D-D0184E26FA74} = {B10F4AC4-B2F9-4AF3-9C60-7DC436483D3D}
		{B8682394-6133-4597-9BF7-A5149FF8931E} = {B10F4AC4-B2F9-4AF3-9C60-7DC436483D3D}
		{836E375E-AE03-4853-A53B-4356AA503CE5} = {03308C5E-A0DF-494C-BDFD-843961A23829}
		{E249F233-5E21-48CF-B392-CF356F65E776} = {03308C5E-A0DF-494C-BDFD-843961A23829}
		{491FB62A-7B3C-40E8-8937-34D94873C3B9} = {03308C5E-A0DF-494C-BDFD-843961A23829}
		{A5373B46-5B5B-4D1B-AC26-F6EB6561F79F} = {12C95EB1-2BC3-4D3C-8796-3A41AD090227}
		{AA9A628A-3402-4F39-8BB1-D5E4C48D90AA} = {12C95EB1-2BC3-4D3C-8796-3A41AD090227}
		{4C757327-0912-4BB6-812E-4FAC8231F814} = {BC1055C8-619E-45D5-98D0-33EBEE32AF87}
		{D7DBB376-3674-4EFC-B0E5-DC8175F59DCE} = {3E0A8BFB-F4DA-4647-B017-9CBD2F7C09D5}
		{C155CF28-F49B-4C29-B9AA-CD352C4E3B02} = {3E0A8BFB-F4DA-4647-B017-9CBD2F7C09D5}
		{A94E6590-D061-41F2-832F-71C236996F03} = {3E0A8BFB-F4DA-4647-B017-9CBD2F7C09D5}
		{A47A3D87-5751-4672-A07E-8DB5A771AAE4} = {B10F4AC4-B2F9-4AF3-9C60-7DC436483D3D}
		{70C089EE-3924-4F42-BAF2-8B505018E755} = {3E0A8BFB-F4DA-4647-B017-9CBD2F7C09D5}
		{38786CC1-9A91-4321-9B33-5898B38D9C4F} = {6EA1B04C-84A1-4086-B967-692545BC1108}
		{1D55EC98-4258-4EFF-BFB6-9BCB3AB83E5B} = {EBFD4DD0-327C-41E0-88A3-7984F0EFFFDB}
		{7DF0163A-04AE-4B06-BCC9-E78BB02A958E} = {EBFD4DD0-327C-41E0-88A3-7984F0EFFFDB}
		{68F07A83-1019-4327-B07E-1B81936C4A78} = {EBFD4DD0-327C-41E0-88A3-7984F0EFFFDB}
		{C81A5677-EFD8-40D5-B1DB-D11A95B574CB} = {BC1055C8-619E-45D5-98D0-33EBEE32AF87}
		{4E302D38-DADA-4151-BFB6-D92592462A8E} = {BC1055C8-619E-45D5-98D0-33EBEE32AF87}
		{EC6BC3CC-57CB-47BB-BD6D-328322074897} = {04FDC230-C54C-4E48-A6F4-5DB7A30BBD36}
		{D5C6900E-DE4D-4040-B849-EB82FD7657C0} = {3520FA06-B7CC-48F3-9FC7-880841A2FC99}
		{66F099A4-7A4B-4697-B3C8-A494CAC80CF2} = {3520FA06-B7CC-48F3-9FC7-880841A2FC99}
		{54BAE341-08CE-4EF4-B9E3-815EF15A5FD2} = {3520FA06-B7CC-48F3-9FC7-880841A2FC99}
		{5080CD1E-4C24-4901-BAEF-8BC1F3F9413A} = {3520FA06-B7CC-48F3-9FC7-880841A2FC99}
	EndGlobalSection
	GlobalSection(ExtensibilityGlobals) = postSolution
		SolutionGuid = {9F68E44D-6E14-475D-B63D-E8C1D51A3101}
	EndGlobalSection
EndGlobal
